// !$*UTF8*$!
{
	archiveVersion = 1;
	classes = {
	};
	objectVersion = 50;
	objects = {

/* Begin PBXBuildFile section */
		BF50961A2646B3A8006C895D /* iOSWeatherAppApp.swift in Sources */ = {isa = PBXBuildFile; fileRef = BF5096072646B3A7006C895D /* iOSWeatherAppApp.swift */; };
		BF50961B2646B3A8006C895D /* iOSWeatherAppApp.swift in Sources */ = {isa = PBXBuildFile; fileRef = BF5096072646B3A7006C895D /* iOSWeatherAppApp.swift */; };
		BF50961C2646B3A8006C895D /* ContentView.swift in Sources */ = {isa = PBXBuildFile; fileRef = BF5096082646B3A7006C895D /* ContentView.swift */; };
		BF50961D2646B3A8006C895D /* ContentView.swift in Sources */ = {isa = PBXBuildFile; fileRef = BF5096082646B3A7006C895D /* ContentView.swift */; };
		BF50961E2646B3A8006C895D /* Assets.xcassets in Resources */ = {isa = PBXBuildFile; fileRef = BF5096092646B3A8006C895D /* Assets.xcassets */; };
		BF50961F2646B3A8006C895D /* Assets.xcassets in Resources */ = {isa = PBXBuildFile; fileRef = BF5096092646B3A8006C895D /* Assets.xcassets */; };
		BF5096292646B5AD006C895D /* CurrentWeatherModel.swift in Sources */ = {isa = PBXBuildFile; fileRef = BF5096282646B5AD006C895D /* CurrentWeatherModel.swift */; };
		BF50962A2646B5AD006C895D /* CurrentWeatherModel.swift in Sources */ = {isa = PBXBuildFile; fileRef = BF5096282646B5AD006C895D /* CurrentWeatherModel.swift */; };
		BF50962C2646B5C5006C895D /* DailyForecastModel.swift in Sources */ = {isa = PBXBuildFile; fileRef = BF50962B2646B5C5006C895D /* DailyForecastModel.swift */; };
		BF50962D2646B5C5006C895D /* DailyForecastModel.swift in Sources */ = {isa = PBXBuildFile; fileRef = BF50962B2646B5C5006C895D /* DailyForecastModel.swift */; };
		BF5096302646B5FF006C895D /* NetworkService.swift in Sources */ = {isa = PBXBuildFile; fileRef = BF50962F2646B5FF006C895D /* NetworkService.swift */; };
		BF5096312646B5FF006C895D /* NetworkService.swift in Sources */ = {isa = PBXBuildFile; fileRef = BF50962F2646B5FF006C895D /* NetworkService.swift */; };
		BF5096332646B619006C895D /* WeatherNetworkService.swift in Sources */ = {isa = PBXBuildFile; fileRef = BF5096322646B619006C895D /* WeatherNetworkService.swift */; };
		BF5096342646B619006C895D /* WeatherNetworkService.swift in Sources */ = {isa = PBXBuildFile; fileRef = BF5096322646B619006C895D /* WeatherNetworkService.swift */; };
/* End PBXBuildFile section */

/* Begin PBXFileReference section */
		BF5096072646B3A7006C895D /* iOSWeatherAppApp.swift */ = {isa = PBXFileReference; lastKnownFileType = sourcecode.swift; path = iOSWeatherAppApp.swift; sourceTree = "<group>"; };
		BF5096082646B3A7006C895D /* ContentView.swift */ = {isa = PBXFileReference; lastKnownFileType = sourcecode.swift; path = ContentView.swift; sourceTree = "<group>"; };
		BF5096092646B3A8006C895D /* Assets.xcassets */ = {isa = PBXFileReference; lastKnownFileType = folder.assetcatalog; path = Assets.xcassets; sourceTree = "<group>"; };
		BF50960E2646B3A8006C895D /* iOSWeatherApp.app */ = {isa = PBXFileReference; explicitFileType = wrapper.application; includeInIndex = 0; path = iOSWeatherApp.app; sourceTree = BUILT_PRODUCTS_DIR; };
		BF5096112646B3A8006C895D /* Info.plist */ = {isa = PBXFileReference; lastKnownFileType = text.plist.xml; path = Info.plist; sourceTree = "<group>"; };
		BF5096162646B3A8006C895D /* iOSWeatherApp.app */ = {isa = PBXFileReference; explicitFileType = wrapper.application; includeInIndex = 0; path = iOSWeatherApp.app; sourceTree = BUILT_PRODUCTS_DIR; };
		BF5096182646B3A8006C895D /* Info.plist */ = {isa = PBXFileReference; lastKnownFileType = text.plist.xml; path = Info.plist; sourceTree = "<group>"; };
		BF5096192646B3A8006C895D /* macOS.entitlements */ = {isa = PBXFileReference; lastKnownFileType = text.plist.entitlements; path = macOS.entitlements; sourceTree = "<group>"; };
		BF5096282646B5AD006C895D /* CurrentWeatherModel.swift */ = {isa = PBXFileReference; lastKnownFileType = sourcecode.swift; path = CurrentWeatherModel.swift; sourceTree = "<group>"; };
		BF50962B2646B5C5006C895D /* DailyForecastModel.swift */ = {isa = PBXFileReference; lastKnownFileType = sourcecode.swift; path = DailyForecastModel.swift; sourceTree = "<group>"; };
		BF50962F2646B5FF006C895D /* NetworkService.swift */ = {isa = PBXFileReference; lastKnownFileType = sourcecode.swift; path = NetworkService.swift; sourceTree = "<group>"; };
		BF5096322646B619006C895D /* WeatherNetworkService.swift */ = {isa = PBXFileReference; lastKnownFileType = sourcecode.swift; path = WeatherNetworkService.swift; sourceTree = "<group>"; };
/* End PBXFileReference section */

/* Begin PBXFrameworksBuildPhase section */
		BF50960B2646B3A8006C895D /* Frameworks */ = {
			isa = PBXFrameworksBuildPhase;
			buildActionMask = 2147483647;
			files = (
			);
			runOnlyForDeploymentPostprocessing = 0;
		};
		BF5096132646B3A8006C895D /* Frameworks */ = {
			isa = PBXFrameworksBuildPhase;
			buildActionMask = 2147483647;
			files = (
			);
			runOnlyForDeploymentPostprocessing = 0;
		};
/* End PBXFrameworksBuildPhase section */

/* Begin PBXGroup section */
		BF5096012646B3A7006C895D = {
			isa = PBXGroup;
			children = (
				BF5096062646B3A7006C895D /* Shared */,
				BF5096102646B3A8006C895D /* iOS */,
				BF5096172646B3A8006C895D /* macOS */,
				BF50960F2646B3A8006C895D /* Products */,
			);
			sourceTree = "<group>";
		};
		BF5096062646B3A7006C895D /* Shared */ = {
			isa = PBXGroup;
			children = (
				BF5096072646B3A7006C895D /* iOSWeatherAppApp.swift */,
				BF5096082646B3A7006C895D /* ContentView.swift */,
				BF50962E2646B5F1006C895D /* Api */,
				BF5096092646B3A8006C895D /* Assets.xcassets */,
			);
			path = Shared;
			sourceTree = "<group>";
		};
		BF50960F2646B3A8006C895D /* Products */ = {
			isa = PBXGroup;
			children = (
				BF50960E2646B3A8006C895D /* iOSWeatherApp.app */,
				BF5096162646B3A8006C895D /* iOSWeatherApp.app */,
			);
			name = Products;
			sourceTree = "<group>";
		};
		BF5096102646B3A8006C895D /* iOS */ = {
			isa = PBXGroup;
			children = (
				BF5096112646B3A8006C895D /* Info.plist */,
			);
			path = iOS;
			sourceTree = "<group>";
		};
		BF5096172646B3A8006C895D /* macOS */ = {
			isa = PBXGroup;
			children = (
				BF5096182646B3A8006C895D /* Info.plist */,
				BF5096192646B3A8006C895D /* macOS.entitlements */,
			);
			path = macOS;
			sourceTree = "<group>";
		};
		BF50962E2646B5F1006C895D /* Api */ = {
			isa = PBXGroup;
			children = (
				BF5096362646B657006C895D /* Services */,
				BF5096352646B651006C895D /* Models */,
			);
			path = Api;
			sourceTree = "<group>";
		};
		BF5096352646B651006C895D /* Models */ = {
			isa = PBXGroup;
			children = (
				BF5096282646B5AD006C895D /* CurrentWeatherModel.swift */,
				BF50962B2646B5C5006C895D /* DailyForecastModel.swift */,
			);
			path = Models;
			sourceTree = "<group>";
		};
		BF5096362646B657006C895D /* Services */ = {
			isa = PBXGroup;
			children = (
				BF50962F2646B5FF006C895D /* NetworkService.swift */,
				BF5096322646B619006C895D /* WeatherNetworkService.swift */,
			);
			path = Services;
			sourceTree = "<group>";
		};
/* End PBXGroup section */

/* Begin PBXNativeTarget section */
		BF50960D2646B3A8006C895D /* iOSWeatherApp (iOS) */ = {
			isa = PBXNativeTarget;
			buildConfigurationList = BF5096222646B3A8006C895D /* Build configuration list for PBXNativeTarget "iOSWeatherApp (iOS)" */;
			buildPhases = (
				BF50960A2646B3A8006C895D /* Sources */,
				BF50960B2646B3A8006C895D /* Frameworks */,
				BF50960C2646B3A8006C895D /* Resources */,
			);
			buildRules = (
			);
			dependencies = (
			);
			name = "iOSWeatherApp (iOS)";
			productName = "iOSWeatherApp (iOS)";
			productReference = BF50960E2646B3A8006C895D /* iOSWeatherApp.app */;
			productType = "com.apple.product-type.application";
		};
		BF5096152646B3A8006C895D /* iOSWeatherApp (macOS) */ = {
			isa = PBXNativeTarget;
			buildConfigurationList = BF5096252646B3A8006C895D /* Build configuration list for PBXNativeTarget "iOSWeatherApp (macOS)" */;
			buildPhases = (
				BF5096122646B3A8006C895D /* Sources */,
				BF5096132646B3A8006C895D /* Frameworks */,
				BF5096142646B3A8006C895D /* Resources */,
			);
			buildRules = (
			);
			dependencies = (
			);
			name = "iOSWeatherApp (macOS)";
			productName = "iOSWeatherApp (macOS)";
			productReference = BF5096162646B3A8006C895D /* iOSWeatherApp.app */;
			productType = "com.apple.product-type.application";
		};
/* End PBXNativeTarget section */

/* Begin PBXProject section */
		BF5096022646B3A7006C895D /* Project object */ = {
			isa = PBXProject;
			attributes = {
				LastSwiftUpdateCheck = 1250;
				LastUpgradeCheck = 1250;
				TargetAttributes = {
					BF50960D2646B3A8006C895D = {
						CreatedOnToolsVersion = 12.5;
					};
					BF5096152646B3A8006C895D = {
						CreatedOnToolsVersion = 12.5;
					};
				};
			};
			buildConfigurationList = BF5096052646B3A7006C895D /* Build configuration list for PBXProject "iOSWeatherApp" */;
			compatibilityVersion = "Xcode 9.3";
			developmentRegion = en;
			hasScannedForEncodings = 0;
			knownRegions = (
				en,
				Base,
			);
			mainGroup = BF5096012646B3A7006C895D;
			productRefGroup = BF50960F2646B3A8006C895D /* Products */;
			projectDirPath = "";
			projectRoot = "";
			targets = (
				BF50960D2646B3A8006C895D /* iOSWeatherApp (iOS) */,
				BF5096152646B3A8006C895D /* iOSWeatherApp (macOS) */,
			);
		};
/* End PBXProject section */

/* Begin PBXResourcesBuildPhase section */
		BF50960C2646B3A8006C895D /* Resources */ = {
			isa = PBXResourcesBuildPhase;
			buildActionMask = 2147483647;
			files = (
				BF50961E2646B3A8006C895D /* Assets.xcassets in Resources */,
			);
			runOnlyForDeploymentPostprocessing = 0;
		};
		BF5096142646B3A8006C895D /* Resources */ = {
			isa = PBXResourcesBuildPhase;
			buildActionMask = 2147483647;
			files = (
				BF50961F2646B3A8006C895D /* Assets.xcassets in Resources */,
			);
			runOnlyForDeploymentPostprocessing = 0;
		};
/* End PBXResourcesBuildPhase section */

/* Begin PBXSourcesBuildPhase section */
		BF50960A2646B3A8006C895D /* Sources */ = {
			isa = PBXSourcesBuildPhase;
			buildActionMask = 2147483647;
			files = (
				BF5096302646B5FF006C895D /* NetworkService.swift in Sources */,
				BF50961C2646B3A8006C895D /* ContentView.swift in Sources */,
				BF50961A2646B3A8006C895D /* iOSWeatherAppApp.swift in Sources */,
				BF5096332646B619006C895D /* WeatherNetworkService.swift in Sources */,
				BF50962C2646B5C5006C895D /* DailyForecastModel.swift in Sources */,
				BF5096292646B5AD006C895D /* CurrentWeatherModel.swift in Sources */,
			);
			runOnlyForDeploymentPostprocessing = 0;
		};
		BF5096122646B3A8006C895D /* Sources */ = {
			isa = PBXSourcesBuildPhase;
			buildActionMask = 2147483647;
			files = (
				BF5096312646B5FF006C895D /* NetworkService.swift in Sources */,
				BF50961D2646B3A8006C895D /* ContentView.swift in Sources */,
				BF50961B2646B3A8006C895D /* iOSWeatherAppApp.swift in Sources */,
				BF5096342646B619006C895D /* WeatherNetworkService.swift in Sources */,
				BF50962D2646B5C5006C895D /* DailyForecastModel.swift in Sources */,
				BF50962A2646B5AD006C895D /* CurrentWeatherModel.swift in Sources */,
			);
			runOnlyForDeploymentPostprocessing = 0;
		};
/* End PBXSourcesBuildPhase section */

/* Begin XCBuildConfiguration section */
		BF5096202646B3A8006C895D /* Debug */ = {
			isa = XCBuildConfiguration;
			buildSettings = {
				ALWAYS_SEARCH_USER_PATHS = NO;
				CLANG_ANALYZER_NONNULL = YES;
				CLANG_ANALYZER_NUMBER_OBJECT_CONVERSION = YES_AGGRESSIVE;
				CLANG_CXX_LANGUAGE_STANDARD = "gnu++14";
				CLANG_CXX_LIBRARY = "libc++";
				CLANG_ENABLE_MODULES = YES;
				CLANG_ENABLE_OBJC_ARC = YES;
				CLANG_ENABLE_OBJC_WEAK = YES;
				CLANG_WARN_BLOCK_CAPTURE_AUTORELEASING = YES;
				CLANG_WARN_BOOL_CONVERSION = YES;
				CLANG_WARN_COMMA = YES;
				CLANG_WARN_CONSTANT_CONVERSION = YES;
				CLANG_WARN_DEPRECATED_OBJC_IMPLEMENTATIONS = YES;
				CLANG_WARN_DIRECT_OBJC_ISA_USAGE = YES_ERROR;
				CLANG_WARN_DOCUMENTATION_COMMENTS = YES;
				CLANG_WARN_EMPTY_BODY = YES;
				CLANG_WARN_ENUM_CONVERSION = YES;
				CLANG_WARN_INFINITE_RECURSION = YES;
				CLANG_WARN_INT_CONVERSION = YES;
				CLANG_WARN_NON_LITERAL_NULL_CONVERSION = YES;
				CLANG_WARN_OBJC_IMPLICIT_RETAIN_SELF = YES;
				CLANG_WARN_OBJC_LITERAL_CONVERSION = YES;
				CLANG_WARN_OBJC_ROOT_CLASS = YES_ERROR;
				CLANG_WARN_QUOTED_INCLUDE_IN_FRAMEWORK_HEADER = YES;
				CLANG_WARN_RANGE_LOOP_ANALYSIS = YES;
				CLANG_WARN_STRICT_PROTOTYPES = YES;
				CLANG_WARN_SUSPICIOUS_MOVE = YES;
				CLANG_WARN_UNGUARDED_AVAILABILITY = YES_AGGRESSIVE;
				CLANG_WARN_UNREACHABLE_CODE = YES;
				CLANG_WARN__DUPLICATE_METHOD_MATCH = YES;
				COPY_PHASE_STRIP = NO;
				DEBUG_INFORMATION_FORMAT = dwarf;
				ENABLE_STRICT_OBJC_MSGSEND = YES;
				ENABLE_TESTABILITY = YES;
				GCC_C_LANGUAGE_STANDARD = gnu11;
				GCC_DYNAMIC_NO_PIC = NO;
				GCC_NO_COMMON_BLOCKS = YES;
				GCC_OPTIMIZATION_LEVEL = 0;
				GCC_PREPROCESSOR_DEFINITIONS = (
					"DEBUG=1",
					"$(inherited)",
				);
				GCC_WARN_64_TO_32_BIT_CONVERSION = YES;
				GCC_WARN_ABOUT_RETURN_TYPE = YES_ERROR;
				GCC_WARN_UNDECLARED_SELECTOR = YES;
				GCC_WARN_UNINITIALIZED_AUTOS = YES_AGGRESSIVE;
				GCC_WARN_UNUSED_FUNCTION = YES;
				GCC_WARN_UNUSED_VARIABLE = YES;
				MTL_ENABLE_DEBUG_INFO = INCLUDE_SOURCE;
				MTL_FAST_MATH = YES;
				ONLY_ACTIVE_ARCH = YES;
				SWIFT_ACTIVE_COMPILATION_CONDITIONS = DEBUG;
				SWIFT_OPTIMIZATION_LEVEL = "-Onone";
			};
			name = Debug;
		};
		BF5096212646B3A8006C895D /* Release */ = {
			isa = XCBuildConfiguration;
			buildSettings = {
				ALWAYS_SEARCH_USER_PATHS = NO;
				CLANG_ANALYZER_NONNULL = YES;
				CLANG_ANALYZER_NUMBER_OBJECT_CONVERSION = YES_AGGRESSIVE;
				CLANG_CXX_LANGUAGE_STANDARD = "gnu++14";
				CLANG_CXX_LIBRARY = "libc++";
				CLANG_ENABLE_MODULES = YES;
				CLANG_ENABLE_OBJC_ARC = YES;
				CLANG_ENABLE_OBJC_WEAK = YES;
				CLANG_WARN_BLOCK_CAPTURE_AUTORELEASING = YES;
				CLANG_WARN_BOOL_CONVERSION = YES;
				CLANG_WARN_COMMA = YES;
				CLANG_WARN_CONSTANT_CONVERSION = YES;
				CLANG_WARN_DEPRECATED_OBJC_IMPLEMENTATIONS = YES;
				CLANG_WARN_DIRECT_OBJC_ISA_USAGE = YES_ERROR;
				CLANG_WARN_DOCUMENTATION_COMMENTS = YES;
				CLANG_WARN_EMPTY_BODY = YES;
				CLANG_WARN_ENUM_CONVERSION = YES;
				CLANG_WARN_INFINITE_RECURSION = YES;
				CLANG_WARN_INT_CONVERSION = YES;
				CLANG_WARN_NON_LITERAL_NULL_CONVERSION = YES;
				CLANG_WARN_OBJC_IMPLICIT_RETAIN_SELF = YES;
				CLANG_WARN_OBJC_LITERAL_CONVERSION = YES;
				CLANG_WARN_OBJC_ROOT_CLASS = YES_ERROR;
				CLANG_WARN_QUOTED_INCLUDE_IN_FRAMEWORK_HEADER = YES;
				CLANG_WARN_RANGE_LOOP_ANALYSIS = YES;
				CLANG_WARN_STRICT_PROTOTYPES = YES;
				CLANG_WARN_SUSPICIOUS_MOVE = YES;
				CLANG_WARN_UNGUARDED_AVAILABILITY = YES_AGGRESSIVE;
				CLANG_WARN_UNREACHABLE_CODE = YES;
				CLANG_WARN__DUPLICATE_METHOD_MATCH = YES;
				COPY_PHASE_STRIP = NO;
				DEBUG_INFORMATION_FORMAT = "dwarf-with-dsym";
				ENABLE_NS_ASSERTIONS = NO;
				ENABLE_STRICT_OBJC_MSGSEND = YES;
				GCC_C_LANGUAGE_STANDARD = gnu11;
				GCC_NO_COMMON_BLOCKS = YES;
				GCC_WARN_64_TO_32_BIT_CONVERSION = YES;
				GCC_WARN_ABOUT_RETURN_TYPE = YES_ERROR;
				GCC_WARN_UNDECLARED_SELECTOR = YES;
				GCC_WARN_UNINITIALIZED_AUTOS = YES_AGGRESSIVE;
				GCC_WARN_UNUSED_FUNCTION = YES;
				GCC_WARN_UNUSED_VARIABLE = YES;
				MTL_ENABLE_DEBUG_INFO = NO;
				MTL_FAST_MATH = YES;
				SWIFT_COMPILATION_MODE = wholemodule;
				SWIFT_OPTIMIZATION_LEVEL = "-O";
			};
			name = Release;
		};
		BF5096232646B3A8006C895D /* Debug */ = {
			isa = XCBuildConfiguration;
			buildSettings = {
				ASSETCATALOG_COMPILER_APPICON_NAME = AppIcon;
				ASSETCATALOG_COMPILER_GLOBAL_ACCENT_COLOR_NAME = AccentColor;
				CODE_SIGN_STYLE = Automatic;
				DEVELOPMENT_TEAM = RKV664A9KV;
				ENABLE_PREVIEWS = YES;
				INFOPLIST_FILE = iOS/Info.plist;
				IPHONEOS_DEPLOYMENT_TARGET = 14.0;
				LD_RUNPATH_SEARCH_PATHS = (
					"$(inherited)",
					"@executable_path/Frameworks",
				);
				PRODUCT_BUNDLE_IDENTIFIER = com.griffnee.trainnotes.iOSWeatherApp;
				PRODUCT_NAME = iOSWeatherApp;
				SDKROOT = iphoneos;
				SWIFT_VERSION = 5.0;
				TARGETED_DEVICE_FAMILY = "1,2";
			};
			name = Debug;
		};
		BF5096242646B3A8006C895D /* Release */ = {
			isa = XCBuildConfiguration;
			buildSettings = {
				ASSETCATALOG_COMPILER_APPICON_NAME = AppIcon;
				ASSETCATALOG_COMPILER_GLOBAL_ACCENT_COLOR_NAME = AccentColor;
				CODE_SIGN_STYLE = Automatic;
				DEVELOPMENT_TEAM = RKV664A9KV;
				ENABLE_PREVIEWS = YES;
				INFOPLIST_FILE = iOS/Info.plist;
				IPHONEOS_DEPLOYMENT_TARGET = 14.0;
				LD_RUNPATH_SEARCH_PATHS = (
					"$(inherited)",
					"@executable_path/Frameworks",
				);
				PRODUCT_BUNDLE_IDENTIFIER = com.griffnee.trainnotes.iOSWeatherApp;
				PRODUCT_NAME = iOSWeatherApp;
				SDKROOT = iphoneos;
				SWIFT_VERSION = 5.0;
				TARGETED_DEVICE_FAMILY = "1,2";
				VALIDATE_PRODUCT = YES;
			};
			name = Release;
		};
		BF5096262646B3A8006C895D /* Debug */ = {
			isa = XCBuildConfiguration;
			buildSettings = {
				ASSETCATALOG_COMPILER_APPICON_NAME = AppIcon;
				ASSETCATALOG_COMPILER_GLOBAL_ACCENT_COLOR_NAME = AccentColor;
				CODE_SIGN_ENTITLEMENTS = macOS/macOS.entitlements;
				CODE_SIGN_STYLE = Automatic;
				COMBINE_HIDPI_IMAGES = YES;
				DEVELOPMENT_TEAM = RKV664A9KV;
				ENABLE_HARDENED_RUNTIME = YES;
				ENABLE_PREVIEWS = YES;
				INFOPLIST_FILE = macOS/Info.plist;
				LD_RUNPATH_SEARCH_PATHS = (
					"$(inherited)",
					"@executable_path/../Frameworks",
				);
				MACOSX_DEPLOYMENT_TARGET = 11.0;
				PRODUCT_BUNDLE_IDENTIFIER = com.griffnee.trainnotes.iOSWeatherApp;
				PRODUCT_NAME = iOSWeatherApp;
				SDKROOT = macosx;
				SWIFT_VERSION = 5.0;
			};
			name = Debug;
		};
		BF5096272646B3A8006C895D /* Release */ = {
			isa = XCBuildConfiguration;
			buildSettings = {
				ASSETCATALOG_COMPILER_APPICON_NAME = AppIcon;
				ASSETCATALOG_COMPILER_GLOBAL_ACCENT_COLOR_NAME = AccentColor;
				CODE_SIGN_ENTITLEMENTS = macOS/macOS.entitlements;
				CODE_SIGN_STYLE = Automatic;
				COMBINE_HIDPI_IMAGES = YES;
				DEVELOPMENT_TEAM = RKV664A9KV;
				ENABLE_HARDENED_RUNTIME = YES;
				ENABLE_PREVIEWS = YES;
				INFOPLIST_FILE = macOS/Info.plist;
				LD_RUNPATH_SEARCH_PATHS = (
					"$(inherited)",
					"@executable_path/../Frameworks",
				);
				MACOSX_DEPLOYMENT_TARGET = 11.0;
				PRODUCT_BUNDLE_IDENTIFIER = com.griffnee.trainnotes.iOSWeatherApp;
				PRODUCT_NAME = iOSWeatherApp;
				SDKROOT = macosx;
				SWIFT_VERSION = 5.0;
			};
			name = Release;
		};
/* End XCBuildConfiguration section */

/* Begin XCConfigurationList section */
		BF5096052646B3A7006C895D /* Build configuration list for PBXProject "iOSWeatherApp" */ = {
			isa = XCConfigurationList;
			buildConfigurations = (
				BF5096202646B3A8006C895D /* Debug */,
				BF5096212646B3A8006C895D /* Release */,
			);
			defaultConfigurationIsVisible = 0;
			defaultConfigurationName = Release;
		};
		BF5096222646B3A8006C895D /* Build configuration list for PBXNativeTarget "iOSWeatherApp (iOS)" */ = {
			isa = XCConfigurationList;
			buildConfigurations = (
				BF5096232646B3A8006C895D /* Debug */,
				BF5096242646B3A8006C895D /* Release */,
			);
			defaultConfigurationIsVisible = 0;
			defaultConfigurationName = Release;
		};
		BF5096252646B3A8006C895D /* Build configuration list for PBXNativeTarget "iOSWeatherApp (macOS)" */ = {
			isa = XCConfigurationList;
			buildConfigurations = (
				BF5096262646B3A8006C895D /* Debug */,
				BF5096272646B3A8006C895D /* Release */,
			);
			defaultConfigurationIsVisible = 0;
			defaultConfigurationName = Release;
		};
/* End XCConfigurationList section */
	};
	rootObject = BF5096022646B3A7006C895D /* Project object */;
}
